
Microsoft Visual Studio Solution File, Format Version 12.00
# Visual Studio Version 17
VisualStudioVersion = 17.8.34322.80
MinimumVisualStudioVersion = 10.0.40219.1
Project("{FAE04EC0-301F-11D3-BF4B-00C04F79EFBC}") = "DigiteerTechnical", "DigiteerTechnical\DigiteerTechnical.csproj", "{65DBC7CE-1EFC-4238-846E-C469F4865AF5}"
EndProject
Global
	GlobalSection(SolutionConfigurationPlatforms) = preSolution
		Debug|Any CPU = Debug|Any CPU
		Release|Any CPU = Release|Any CPU
	EndGlobalSection
	GlobalSection(ProjectConfigurationPlatforms) = postSolution
		{65DBC7CE-1EFC-4238-846E-C469F4865AF5}.Debug|Any CPU.ActiveCfg = Debug|Any CPU
		{65DBC7CE-1EFC-4238-846E-C469F4865AF5}.Debug|Any CPU.Build.0 = Debug|Any CPU
		{65DBC7CE-1EFC-4238-846E-C469F4865AF5}.Release|Any CPU.ActiveCfg = Release|Any CPU
		{65DBC7CE-1EFC-4238-846E-C469F4865AF5}.Release|Any CPU.Build.0 = Release|Any CPU
	EndGlobalSection
	GlobalSection(SolutionProperties) = preSolution
		HideSolutionNode = FALSE
	EndGlobalSection
	GlobalSection(ExtensibilityGlobals) = postSolution
		SolutionGuid = {17F42093-9305-42EE-98C9-7F32BDE25BAA}
	EndGlobalSection
EndGlobal
